
Microsoft Visual Studio Solution File, Format Version 12.00
# Visual Studio Version 17
VisualStudioVersion = 17.5.002.0
MinimumVisualStudioVersion = 10.0.40219.1
Project("{9A19103F-16F7-4668-BE54-9A1E7A4F7556}") = "TappsBaseballWeb", "TappsBaseballWeb.csproj", "{CC90B6D3-5A9F-4BE2-A451-8006AF665142}"
EndProject
Global
	GlobalSection(SolutionConfigurationPlatforms) = preSolution
		Debug|Any CPU = Debug|Any CPU
		Release|Any CPU = Release|Any CPU
	EndGlobalSection
	GlobalSection(ProjectConfigurationPlatforms) = postSolution
		{CC90B6D3-5A9F-4BE2-A451-8006AF665142}.Debug|Any CPU.ActiveCfg = Debug|Any CPU
		{CC90B6D3-5A9F-4BE2-A451-8006AF665142}.Debug|Any CPU.Build.0 = Debug|Any CPU
		{CC90B6D3-5A9F-4BE2-A451-8006AF665142}.Release|Any CPU.ActiveCfg = Release|Any CPU
		{CC90B6D3-5A9F-4BE2-A451-8006AF665142}.Release|Any CPU.Build.0 = Release|Any CPU
	EndGlobalSection
	GlobalSection(SolutionProperties) = preSolution
		HideSolutionNode = FALSE
	EndGlobalSection
	GlobalSection(ExtensibilityGlobals) = postSolution
		SolutionGuid = {A4258803-FF4E-4059-BD9B-3972512AC797}
	EndGlobalSection
EndGlobal
